
Microsoft Visual Studio Solution File, Format Version 12.00
# Visual Studio Version 17
VisualStudioVersion = 17.0.31912.275
MinimumVisualStudioVersion = 10.0.40219.1
Project("{FAE04EC0-301F-11D3-BF4B-00C04F79EFBC}") = "Salary_Cal", "Salary_Cal\Salary_Cal.csproj", "{57238EE8-6599-48AA-8F70-BAACFAB37FBC}"
EndProject
Global
	GlobalSection(SolutionConfigurationPlatforms) = preSolution
		Debug|Any CPU = Debug|Any CPU
		Release|Any CPU = Release|Any CPU
	EndGlobalSection
	GlobalSection(ProjectConfigurationPlatforms) = postSolution
		{57238EE8-6599-48AA-8F70-BAACFAB37FBC}.Debug|Any CPU.ActiveCfg = Debug|Any CPU
		{57238EE8-6599-48AA-8F70-BAACFAB37FBC}.Debug|Any CPU.Build.0 = Debug|Any CPU
		{57238EE8-6599-48AA-8F70-BAACFAB37FBC}.Release|Any CPU.ActiveCfg = Release|Any CPU
		{57238EE8-6599-48AA-8F70-BAACFAB37FBC}.Release|Any CPU.Build.0 = Release|Any CPU
	EndGlobalSection
	GlobalSection(SolutionProperties) = preSolution
		HideSolutionNode = FALSE
	EndGlobalSection
	GlobalSection(ExtensibilityGlobals) = postSolution
		SolutionGuid = {DA490269-7499-4A85-85D9-785478F3961B}
	EndGlobalSection
EndGlobal
